// !$*UTF8*$!
{
	archiveVersion = 1;
	classes = {
	};
	objectVersion = 48;
	objects = {

/* Begin PBXBuildFile section */
		AEE2A2581F86A0C600012A81 /* main.cpp in Sources */ = {isa = PBXBuildFile; fileRef = AEE2A2571F86A0C600012A81 /* main.cpp */; };
		AEE2A2621F86A1D700012A81 /* Cjt_estudiants.cc in Sources */ = {isa = PBXBuildFile; fileRef = AEE2A25F1F86A1D700012A81 /* Cjt_estudiants.cc */; };
		AEE2A2631F86A1D700012A81 /* Estudiant.cc in Sources */ = {isa = PBXBuildFile; fileRef = AEE2A2601F86A1D700012A81 /* Estudiant.cc */; };
		AEE2A2671F86A22600012A81 /* Solucio.cc in Sources */ = {isa = PBXBuildFile; fileRef = AEE2A2651F86A22600012A81 /* Solucio.cc */; };
/* End PBXBuildFile section */

/* Begin PBXCopyFilesBuildPhase section */
		AEE2A2521F86A0C600012A81 /* CopyFiles */ = {
			isa = PBXCopyFilesBuildPhase;
			buildActionMask = 2147483647;
			dstPath = /usr/share/man/man1/;
			dstSubfolderSpec = 0;
			files = (
			);
			runOnlyForDeploymentPostprocessing = 1;
		};
/* End PBXCopyFilesBuildPhase section */

/* Begin PBXFileReference section */
		AEE2A2541F86A0C600012A81 /* X90633_C1primavera15 */ = {isa = PBXFileReference; explicitFileType = "compiled.mach-o.executable"; includeInIndex = 0; path = X90633_C1primavera15; sourceTree = BUILT_PRODUCTS_DIR; };
		AEE2A2571F86A0C600012A81 /* main.cpp */ = {isa = PBXFileReference; lastKnownFileType = sourcecode.cpp.cpp; path = main.cpp; sourceTree = "<group>"; };
		AEE2A25E1F86A1D700012A81 /* Cjt_estudiants.hh */ = {isa = PBXFileReference; lastKnownFileType = sourcecode.cpp.h; name = Cjt_estudiants.hh; path = "X90633_ca-public/Cjt_estudiants.hh"; sourceTree = SOURCE_ROOT; };
		AEE2A25F1F86A1D700012A81 /* Cjt_estudiants.cc */ = {isa = PBXFileReference; lastKnownFileType = sourcecode.cpp.cpp; name = Cjt_estudiants.cc; path = "X90633_ca-public/Cjt_estudiants.cc"; sourceTree = SOURCE_ROOT; };
		AEE2A2601F86A1D700012A81 /* Estudiant.cc */ = {isa = PBXFileReference; lastKnownFileType = sourcecode.cpp.cpp; name = Estudiant.cc; path = "X90633_ca-public/Estudiant.cc"; sourceTree = SOURCE_ROOT; };
		AEE2A2611F86A1D700012A81 /* Estudiant.hh */ = {isa = PBXFileReference; lastKnownFileType = sourcecode.cpp.h; name = Estudiant.hh; path = "X90633_ca-public/Estudiant.hh"; sourceTree = SOURCE_ROOT; };
		AEE2A2641F86A1E700012A81 /* utils.PRO2 */ = {isa = PBXFileReference; lastKnownFileType = text; name = utils.PRO2; path = "X90633_ca-public/utils.PRO2"; sourceTree = SOURCE_ROOT; };
		AEE2A2651F86A22600012A81 /* Solucio.cc */ = {isa = PBXFileReference; lastKnownFileType = sourcecode.cpp.cpp; path = Solucio.cc; sourceTree = "<group>"; };
/* End PBXFileReference section */

/* Begin PBXFrameworksBuildPhase section */
		AEE2A2511F86A0C600012A81 /* Frameworks */ = {
			isa = PBXFrameworksBuildPhase;
			buildActionMask = 2147483647;
			files = (
			);
			runOnlyForDeploymentPostprocessing = 0;
		};
/* End PBXFrameworksBuildPhase section */

/* Begin PBXGroup section */
		AEE2A24B1F86A0C600012A81 = {
			isa = PBXGroup;
			children = (
				AEE2A2561F86A0C600012A81 /* X90633_C1primavera15 */,
				AEE2A2551F86A0C600012A81 /* Products */,
			);
			sourceTree = "<group>";
		};
		AEE2A2551F86A0C600012A81 /* Products */ = {
			isa = PBXGroup;
			children = (
				AEE2A2541F86A0C600012A81 /* X90633_C1primavera15 */,
			);
			name = Products;
			sourceTree = "<group>";
		};
		AEE2A2561F86A0C600012A81 /* X90633_C1primavera15 */ = {
			isa = PBXGroup;
			children = (
				AEE2A2571F86A0C600012A81 /* main.cpp */,
				AEE2A25F1F86A1D700012A81 /* Cjt_estudiants.cc */,
				AEE2A25E1F86A1D700012A81 /* Cjt_estudiants.hh */,
				AEE2A2601F86A1D700012A81 /* Estudiant.cc */,
				AEE2A2611F86A1D700012A81 /* Estudiant.hh */,
				AEE2A2641F86A1E700012A81 /* utils.PRO2 */,
				AEE2A2651F86A22600012A81 /* Solucio.cc */,
			);
			path = X90633_C1primavera15;
			sourceTree = "<group>";
		};
/* End PBXGroup section */

/* Begin PBXNativeTarget section */
		AEE2A2531F86A0C600012A81 /* X90633_C1primavera15 */ = {
			isa = PBXNativeTarget;
			buildConfigurationList = AEE2A25B1F86A0C600012A81 /* Build configuration list for PBXNativeTarget "X90633_C1primavera15" */;
			buildPhases = (
				AEE2A2501F86A0C600012A81 /* Sources */,
				AEE2A2511F86A0C600012A81 /* Frameworks */,
				AEE2A2521F86A0C600012A81 /* CopyFiles */,
			);
			buildRules = (
			);
			dependencies = (
			);
			name = X90633_C1primavera15;
			productName = X90633_C1primavera15;
			productReference = AEE2A2541F86A0C600012A81 /* X90633_C1primavera15 */;
			productType = "com.apple.product-type.tool";
		};
/* End PBXNativeTarget section */

/* Begin PBXProject section */
		AEE2A24C1F86A0C600012A81 /* Project object */ = {
			isa = PBXProject;
			attributes = {
				LastUpgradeCheck = 0900;
				ORGANIZATIONNAME = "Júlia Gasull Navarro";
				TargetAttributes = {
					AEE2A2531F86A0C600012A81 = {
						CreatedOnToolsVersion = 9.0;
						ProvisioningStyle = Automatic;
					};
				};
			};
			buildConfigurationList = AEE2A24F1F86A0C600012A81 /* Build configuration list for PBXProject "X90633_C1primavera15" */;
			compatibilityVersion = "Xcode 8.0";
			developmentRegion = en;
			hasScannedForEncodings = 0;
			knownRegions = (
				en,
			);
			mainGroup = AEE2A24B1F86A0C600012A81;
			productRefGroup = AEE2A2551F86A0C600012A81 /* Products */;
			projectDirPath = "";
			projectRoot = "";
			targets = (
				AEE2A2531F86A0C600012A81 /* X90633_C1primavera15 */,
			);
		};
/* End PBXProject section */

/* Begin PBXSourcesBuildPhase section */
		AEE2A2501F86A0C600012A81 /* Sources */ = {
			isa = PBXSourcesBuildPhase;
			buildActionMask = 2147483647;
			files = (
				AEE2A2581F86A0C600012A81 /* main.cpp in Sources */,
				AEE2A2631F86A1D700012A81 /* Estudiant.cc in Sources */,
				AEE2A2671F86A22600012A81 /* Solucio.cc in Sources */,
				AEE2A2621F86A1D700012A81 /* Cjt_estudiants.cc in Sources */,
			);
			runOnlyForDeploymentPostprocessing = 0;
		};
/* End PBXSourcesBuildPhase section */

/* Begin XCBuildConfiguration section */
		AEE2A2591F86A0C600012A81 /* Debug */ = {
			isa = XCBuildConfiguration;
			buildSettings = {
				ALWAYS_SEARCH_USER_PATHS = NO;
				CLANG_ANALYZER_NONNULL = YES;
				CLANG_ANALYZER_NUMBER_OBJECT_CONVERSION = YES_AGGRESSIVE;
				CLANG_CXX_LANGUAGE_STANDARD = "gnu++14";
				CLANG_CXX_LIBRARY = "libc++";
				CLANG_ENABLE_MODULES = YES;
				CLANG_ENABLE_OBJC_ARC = YES;
				CLANG_WARN_BLOCK_CAPTURE_AUTORELEASING = YES;
				CLANG_WARN_BOOL_CONVERSION = YES;
				CLANG_WARN_COMMA = YES;
				CLANG_WARN_CONSTANT_CONVERSION = YES;
				CLANG_WARN_DIRECT_OBJC_ISA_USAGE = YES_ERROR;
				CLANG_WARN_DOCUMENTATION_COMMENTS = YES;
				CLANG_WARN_EMPTY_BODY = YES;
				CLANG_WARN_ENUM_CONVERSION = YES;
				CLANG_WARN_INFINITE_RECURSION = YES;
				CLANG_WARN_INT_CONVERSION = YES;
				CLANG_WARN_NON_LITERAL_NULL_CONVERSION = YES;
				CLANG_WARN_OBJC_LITERAL_CONVERSION = YES;
				CLANG_WARN_OBJC_ROOT_CLASS = YES_ERROR;
				CLANG_WARN_RANGE_LOOP_ANALYSIS = YES;
				CLANG_WARN_STRICT_PROTOTYPES = YES;
				CLANG_WARN_SUSPICIOUS_MOVE = YES;
				CLANG_WARN_UNGUARDED_AVAILABILITY = YES_AGGRESSIVE;
				CLANG_WARN_UNREACHABLE_CODE = YES;
				CLANG_WARN__DUPLICATE_METHOD_MATCH = YES;
				CODE_SIGN_IDENTITY = "-";
				COPY_PHASE_STRIP = NO;
				DEBUG_INFORMATION_FORMAT = dwarf;
				ENABLE_STRICT_OBJC_MSGSEND = YES;
				ENABLE_TESTABILITY = YES;
				GCC_C_LANGUAGE_STANDARD = gnu11;
				GCC_DYNAMIC_NO_PIC = NO;
				GCC_NO_COMMON_BLOCKS = YES;
				GCC_OPTIMIZATION_LEVEL = 0;
				GCC_PREPROCESSOR_DEFINITIONS = (
					"DEBUG=1",
					"$(inherited)",
				);
				GCC_WARN_64_TO_32_BIT_CONVERSION = YES;
				GCC_WARN_ABOUT_RETURN_TYPE = YES_ERROR;
				GCC_WARN_UNDECLARED_SELECTOR = YES;
				GCC_WARN_UNINITIALIZED_AUTOS = YES_AGGRESSIVE;
				GCC_WARN_UNUSED_FUNCTION = YES;
				GCC_WARN_UNUSED_VARIABLE = YES;
				MACOSX_DEPLOYMENT_TARGET = 10.12;
				MTL_ENABLE_DEBUG_INFO = YES;
				ONLY_ACTIVE_ARCH = YES;
				SDKROOT = macosx;
			};
			name = Debug;
		};
		AEE2A25A1F86A0C600012A81 /* Release */ = {
			isa = XCBuildConfiguration;
			buildSettings = {
				ALWAYS_SEARCH_USER_PATHS = NO;
				CLANG_ANALYZER_NONNULL = YES;
				CLANG_ANALYZER_NUMBER_OBJECT_CONVERSION = YES_AGGRESSIVE;
				CLANG_CXX_LANGUAGE_STANDARD = "gnu++14";
				CLANG_CXX_LIBRARY = "libc++";
				CLANG_ENABLE_MODULES = YES;
				CLANG_ENABLE_OBJC_ARC = YES;
				CLANG_WARN_BLOCK_CAPTURE_AUTORELEASING = YES;
				CLANG_WARN_BOOL_CONVERSION = YES;
				CLANG_WARN_COMMA = YES;
				CLANG_WARN_CONSTANT_CONVERSION = YES;
				CLANG_WARN_DIRECT_OBJC_ISA_USAGE = YES_ERROR;
				CLANG_WARN_DOCUMENTATION_COMMENTS = YES;
				CLANG_WARN_EMPTY_BODY = YES;
				CLANG_WARN_ENUM_CONVERSION = YES;
				CLANG_WARN_INFINITE_RECURSION = YES;
				CLANG_WARN_INT_CONVERSION = YES;
				CLANG_WARN_NON_LITERAL_NULL_CONVERSION = YES;
				CLANG_WARN_OBJC_LITERAL_CONVERSION = YES;
				CLANG_WARN_OBJC_ROOT_CLASS = YES_ERROR;
				CLANG_WARN_RANGE_LOOP_ANALYSIS = YES;
				CLANG_WARN_STRICT_PROTOTYPES = YES;
				CLANG_WARN_SUSPICIOUS_MOVE = YES;
				CLANG_WARN_UNGUARDED_AVAILABILITY = YES_AGGRESSIVE;
				CLANG_WARN_UNREACHABLE_CODE = YES;
				CLANG_WARN__DUPLICATE_METHOD_MATCH = YES;
				CODE_SIGN_IDENTITY = "-";
				COPY_PHASE_STRIP = NO;
				DEBUG_INFORMATION_FORMAT = "dwarf-with-dsym";
				ENABLE_NS_ASSERTIONS = NO;
				ENABLE_STRICT_OBJC_MSGSEND = YES;
				GCC_C_LANGUAGE_STANDARD = gnu11;
				GCC_NO_COMMON_BLOCKS = YES;
				GCC_WARN_64_TO_32_BIT_CONVERSION = YES;
				GCC_WARN_ABOUT_RETURN_TYPE = YES_ERROR;
				GCC_WARN_UNDECLARED_SELECTOR = YES;
				GCC_WARN_UNINITIALIZED_AUTOS = YES_AGGRESSIVE;
				GCC_WARN_UNUSED_FUNCTION = YES;
				GCC_WARN_UNUSED_VARIABLE = YES;
				MACOSX_DEPLOYMENT_TARGET = 10.12;
				MTL_ENABLE_DEBUG_INFO = NO;
				SDKROOT = macosx;
			};
			name = Release;
		};
		AEE2A25C1F86A0C600012A81 /* Debug */ = {
			isa = XCBuildConfiguration;
			buildSettings = {
				CODE_SIGN_STYLE = Automatic;
				PRODUCT_NAME = "$(TARGET_NAME)";
			};
			name = Debug;
		};
		AEE2A25D1F86A0C600012A81 /* Release */ = {
			isa = XCBuildConfiguration;
			buildSettings = {
				CODE_SIGN_STYLE = Automatic;
				PRODUCT_NAME = "$(TARGET_NAME)";
			};
			name = Release;
		};
/* End XCBuildConfiguration section */

/* Begin XCConfigurationList section */
		AEE2A24F1F86A0C600012A81 /* Build configuration list for PBXProject "X90633_C1primavera15" */ = {
			isa = XCConfigurationList;
			buildConfigurations = (
				AEE2A2591F86A0C600012A81 /* Debug */,
				AEE2A25A1F86A0C600012A81 /* Release */,
			);
			defaultConfigurationIsVisible = 0;
			defaultConfigurationName = Release;
		};
		AEE2A25B1F86A0C600012A81 /* Build configuration list for PBXNativeTarget "X90633_C1primavera15" */ = {
			isa = XCConfigurationList;
			buildConfigurations = (
				AEE2A25C1F86A0C600012A81 /* Debug */,
				AEE2A25D1F86A0C600012A81 /* Release */,
			);
			defaultConfigurationIsVisible = 0;
			defaultConfigurationName = Release;
		};
/* End XCConfigurationList section */
	};
	rootObject = AEE2A24C1F86A0C600012A81 /* Project object */;
}
