// !$*UTF8*$!
{
	archiveVersion = 1;
	classes = {
	};
	objectVersion = 46;
	objects = {

/* Begin PBXBuildFile section */
		AE1A5B6C1F710E7400A0D300 /* main.cpp in Sources */ = {isa = PBXBuildFile; fileRef = AE1A5B6B1F710E7400A0D300 /* main.cpp */; };
		AEFA7FA81F73F7CF0018A6D3 /* Estudiant.cc in Sources */ = {isa = PBXBuildFile; fileRef = AEFA7FA71F73F7CF0018A6D3 /* Estudiant.cc */; };
/* End PBXBuildFile section */

/* Begin PBXCopyFilesBuildPhase section */
		AE1A5B661F710E7400A0D300 /* CopyFiles */ = {
			isa = PBXCopyFilesBuildPhase;
			buildActionMask = 2147483647;
			dstPath = /usr/share/man/man1/;
			dstSubfolderSpec = 0;
			files = (
			);
			runOnlyForDeploymentPostprocessing = 1;
		};
/* End PBXCopyFilesBuildPhase section */

/* Begin PBXFileReference section */
		AE1A5B681F710E7400A0D300 /* X73814_simplvec.cc */ = {isa = PBXFileReference; explicitFileType = "compiled.mach-o.executable"; includeInIndex = 0; path = X73814_simplvec.cc; sourceTree = BUILT_PRODUCTS_DIR; };
		AE1A5B6B1F710E7400A0D300 /* main.cpp */ = {isa = PBXFileReference; lastKnownFileType = sourcecode.cpp.cpp; path = main.cpp; sourceTree = "<group>"; };
		AEFA7FA61F73F7050018A6D3 /* Estudiant.hh */ = {isa = PBXFileReference; lastKnownFileType = sourcecode.cpp.h; name = Estudiant.hh; path = "../../../../../Downloads/X73814_ca-public/Estudiant.hh"; sourceTree = "<group>"; };
		AEFA7FA71F73F7CF0018A6D3 /* Estudiant.cc */ = {isa = PBXFileReference; fileEncoding = 4; lastKnownFileType = sourcecode.cpp.cpp; name = Estudiant.cc; path = ../../../../../Desktop/copia_pro/objectes/SOS/Estudiant.cc; sourceTree = "<group>"; };
/* End PBXFileReference section */

/* Begin PBXFrameworksBuildPhase section */
		AE1A5B651F710E7400A0D300 /* Frameworks */ = {
			isa = PBXFrameworksBuildPhase;
			buildActionMask = 2147483647;
			files = (
			);
			runOnlyForDeploymentPostprocessing = 0;
		};
/* End PBXFrameworksBuildPhase section */

/* Begin PBXGroup section */
		AE1A5B5F1F710E7400A0D300 = {
			isa = PBXGroup;
			children = (
				AE1A5B6A1F710E7400A0D300 /* X73814_simplvec.cc */,
				AE1A5B691F710E7400A0D300 /* Products */,
			);
			sourceTree = "<group>";
		};
		AE1A5B691F710E7400A0D300 /* Products */ = {
			isa = PBXGroup;
			children = (
				AE1A5B681F710E7400A0D300 /* X73814_simplvec.cc */,
			);
			name = Products;
			sourceTree = "<group>";
		};
		AE1A5B6A1F710E7400A0D300 /* X73814_simplvec.cc */ = {
			isa = PBXGroup;
			children = (
				AEFA7FA71F73F7CF0018A6D3 /* Estudiant.cc */,
				AE1A5B6B1F710E7400A0D300 /* main.cpp */,
				AEFA7FA61F73F7050018A6D3 /* Estudiant.hh */,
			);
			path = X73814_simplvec.cc;
			sourceTree = "<group>";
		};
/* End PBXGroup section */

/* Begin PBXNativeTarget section */
		AE1A5B671F710E7400A0D300 /* X73814_simplvec.cc */ = {
			isa = PBXNativeTarget;
			buildConfigurationList = AE1A5B6F1F710E7400A0D300 /* Build configuration list for PBXNativeTarget "X73814_simplvec.cc" */;
			buildPhases = (
				AE1A5B641F710E7400A0D300 /* Sources */,
				AE1A5B651F710E7400A0D300 /* Frameworks */,
				AE1A5B661F710E7400A0D300 /* CopyFiles */,
			);
			buildRules = (
			);
			dependencies = (
			);
			name = X73814_simplvec.cc;
			productName = X73814_simplvec.cc;
			productReference = AE1A5B681F710E7400A0D300 /* X73814_simplvec.cc */;
			productType = "com.apple.product-type.tool";
		};
/* End PBXNativeTarget section */

/* Begin PBXProject section */
		AE1A5B601F710E7400A0D300 /* Project object */ = {
			isa = PBXProject;
			attributes = {
				LastUpgradeCheck = 0830;
				ORGANIZATIONNAME = "Júlia Gasull Navarro";
				TargetAttributes = {
					AE1A5B671F710E7400A0D300 = {
						CreatedOnToolsVersion = 8.3.3;
						ProvisioningStyle = Automatic;
					};
				};
			};
			buildConfigurationList = AE1A5B631F710E7400A0D300 /* Build configuration list for PBXProject "X73814_simplvec.cc" */;
			compatibilityVersion = "Xcode 3.2";
			developmentRegion = English;
			hasScannedForEncodings = 0;
			knownRegions = (
				en,
			);
			mainGroup = AE1A5B5F1F710E7400A0D300;
			productRefGroup = AE1A5B691F710E7400A0D300 /* Products */;
			projectDirPath = "";
			projectRoot = "";
			targets = (
				AE1A5B671F710E7400A0D300 /* X73814_simplvec.cc */,
			);
		};
/* End PBXProject section */

/* Begin PBXSourcesBuildPhase section */
		AE1A5B641F710E7400A0D300 /* Sources */ = {
			isa = PBXSourcesBuildPhase;
			buildActionMask = 2147483647;
			files = (
				AE1A5B6C1F710E7400A0D300 /* main.cpp in Sources */,
				AEFA7FA81F73F7CF0018A6D3 /* Estudiant.cc in Sources */,
			);
			runOnlyForDeploymentPostprocessing = 0;
		};
/* End PBXSourcesBuildPhase section */

/* Begin XCBuildConfiguration section */
		AE1A5B6D1F710E7400A0D300 /* Debug */ = {
			isa = XCBuildConfiguration;
			buildSettings = {
				ALWAYS_SEARCH_USER_PATHS = NO;
				CLANG_ANALYZER_NONNULL = YES;
				CLANG_ANALYZER_NUMBER_OBJECT_CONVERSION = YES_AGGRESSIVE;
				CLANG_CXX_LANGUAGE_STANDARD = "gnu++0x";
				CLANG_CXX_LIBRARY = "libc++";
				CLANG_ENABLE_MODULES = YES;
				CLANG_ENABLE_OBJC_ARC = YES;
				CLANG_WARN_BOOL_CONVERSION = YES;
				CLANG_WARN_CONSTANT_CONVERSION = YES;
				CLANG_WARN_DIRECT_OBJC_ISA_USAGE = YES_ERROR;
				CLANG_WARN_DOCUMENTATION_COMMENTS = YES;
				CLANG_WARN_EMPTY_BODY = YES;
				CLANG_WARN_ENUM_CONVERSION = YES;
				CLANG_WARN_INFINITE_RECURSION = YES;
				CLANG_WARN_INT_CONVERSION = YES;
				CLANG_WARN_OBJC_ROOT_CLASS = YES_ERROR;
				CLANG_WARN_SUSPICIOUS_MOVE = YES;
				CLANG_WARN_UNREACHABLE_CODE = YES;
				CLANG_WARN__DUPLICATE_METHOD_MATCH = YES;
				CODE_SIGN_IDENTITY = "-";
				COPY_PHASE_STRIP = NO;
				DEBUG_INFORMATION_FORMAT = dwarf;
				ENABLE_STRICT_OBJC_MSGSEND = YES;
				ENABLE_TESTABILITY = YES;
				GCC_C_LANGUAGE_STANDARD = gnu99;
				GCC_DYNAMIC_NO_PIC = NO;
				GCC_NO_COMMON_BLOCKS = YES;
				GCC_OPTIMIZATION_LEVEL = 0;
				GCC_PREPROCESSOR_DEFINITIONS = (
					"DEBUG=1",
					"$(inherited)",
				);
				GCC_WARN_64_TO_32_BIT_CONVERSION = YES;
				GCC_WARN_ABOUT_RETURN_TYPE = YES_ERROR;
				GCC_WARN_UNDECLARED_SELECTOR = YES;
				GCC_WARN_UNINITIALIZED_AUTOS = YES_AGGRESSIVE;
				GCC_WARN_UNUSED_FUNCTION = YES;
				GCC_WARN_UNUSED_VARIABLE = YES;
				MACOSX_DEPLOYMENT_TARGET = 10.12;
				MTL_ENABLE_DEBUG_INFO = YES;
				ONLY_ACTIVE_ARCH = YES;
				SDKROOT = macosx;
			};
			name = Debug;
		};
		AE1A5B6E1F710E7400A0D300 /* Release */ = {
			isa = XCBuildConfiguration;
			buildSettings = {
				ALWAYS_SEARCH_USER_PATHS = NO;
				CLANG_ANALYZER_NONNULL = YES;
				CLANG_ANALYZER_NUMBER_OBJECT_CONVERSION = YES_AGGRESSIVE;
				CLANG_CXX_LANGUAGE_STANDARD = "gnu++0x";
				CLANG_CXX_LIBRARY = "libc++";
				CLANG_ENABLE_MODULES = YES;
				CLANG_ENABLE_OBJC_ARC = YES;
				CLANG_WARN_BOOL_CONVERSION = YES;
				CLANG_WARN_CONSTANT_CONVERSION = YES;
				CLANG_WARN_DIRECT_OBJC_ISA_USAGE = YES_ERROR;
				CLANG_WARN_DOCUMENTATION_COMMENTS = YES;
				CLANG_WARN_EMPTY_BODY = YES;
				CLANG_WARN_ENUM_CONVERSION = YES;
				CLANG_WARN_INFINITE_RECURSION = YES;
				CLANG_WARN_INT_CONVERSION = YES;
				CLANG_WARN_OBJC_ROOT_CLASS = YES_ERROR;
				CLANG_WARN_SUSPICIOUS_MOVE = YES;
				CLANG_WARN_UNREACHABLE_CODE = YES;
				CLANG_WARN__DUPLICATE_METHOD_MATCH = YES;
				CODE_SIGN_IDENTITY = "-";
				COPY_PHASE_STRIP = NO;
				DEBUG_INFORMATION_FORMAT = "dwarf-with-dsym";
				ENABLE_NS_ASSERTIONS = NO;
				ENABLE_STRICT_OBJC_MSGSEND = YES;
				GCC_C_LANGUAGE_STANDARD = gnu99;
				GCC_NO_COMMON_BLOCKS = YES;
				GCC_WARN_64_TO_32_BIT_CONVERSION = YES;
				GCC_WARN_ABOUT_RETURN_TYPE = YES_ERROR;
				GCC_WARN_UNDECLARED_SELECTOR = YES;
				GCC_WARN_UNINITIALIZED_AUTOS = YES_AGGRESSIVE;
				GCC_WARN_UNUSED_FUNCTION = YES;
				GCC_WARN_UNUSED_VARIABLE = YES;
				MACOSX_DEPLOYMENT_TARGET = 10.12;
				MTL_ENABLE_DEBUG_INFO = NO;
				SDKROOT = macosx;
			};
			name = Release;
		};
		AE1A5B701F710E7400A0D300 /* Debug */ = {
			isa = XCBuildConfiguration;
			buildSettings = {
				PRODUCT_NAME = "$(TARGET_NAME)";
			};
			name = Debug;
		};
		AE1A5B711F710E7400A0D300 /* Release */ = {
			isa = XCBuildConfiguration;
			buildSettings = {
				PRODUCT_NAME = "$(TARGET_NAME)";
			};
			name = Release;
		};
/* End XCBuildConfiguration section */

/* Begin XCConfigurationList section */
		AE1A5B631F710E7400A0D300 /* Build configuration list for PBXProject "X73814_simplvec.cc" */ = {
			isa = XCConfigurationList;
			buildConfigurations = (
				AE1A5B6D1F710E7400A0D300 /* Debug */,
				AE1A5B6E1F710E7400A0D300 /* Release */,
			);
			defaultConfigurationIsVisible = 0;
			defaultConfigurationName = Release;
		};
		AE1A5B6F1F710E7400A0D300 /* Build configuration list for PBXNativeTarget "X73814_simplvec.cc" */ = {
			isa = XCConfigurationList;
			buildConfigurations = (
				AE1A5B701F710E7400A0D300 /* Debug */,
				AE1A5B711F710E7400A0D300 /* Release */,
			);
			defaultConfigurationIsVisible = 0;
			defaultConfigurationName = Release;
		};
/* End XCConfigurationList section */
	};
	rootObject = AE1A5B601F710E7400A0D300 /* Project object */;
}
